
Microsoft Visual Studio Solution File, Format Version 12.00
# Visual Studio 15
VisualStudioVersion = 15.0.28307.539
MinimumVisualStudioVersion = 10.0.40219.1
Project("{8BC9CEB8-8B4A-11D0-8D11-00A0C91BC942}") = "server", "server\server.vcxproj", "{4AA65F69-3347-4542-B285-7C0CA3DB424D}"
EndProject
Project("{8BC9CEB8-8B4A-11D0-8D11-00A0C91BC942}") = "client", "client\client.vcxproj", "{9C42D65F-2C1F-4AED-A889-7A7FE3A0AE3E}"
EndProject
Project("{8BC9CEB8-8B4A-11D0-8D11-00A0C91BC942}") = "ClientDLL", "ClientDLL\ClientDLL.vcxproj", "{6BD2BF49-DD6D-4912-8EFB-7181198AB117}"
EndProject
Project("{FAE04EC0-301F-11D3-BF4B-00C04F79EFBC}") = "CSTest", "CSTest\CSTest.csproj", "{F9CB1F32-0C2A-423E-83E6-765B2D1BF8D1}"
	ProjectSection(ProjectDependencies) = postProject
		{6BD2BF49-DD6D-4912-8EFB-7181198AB117} = {6BD2BF49-DD6D-4912-8EFB-7181198AB117}
	EndProjectSection
EndProject
Project("{8BC9CEB8-8B4A-11D0-8D11-00A0C91BC942}") = "Project1", "Project1\Project1.vcxproj", "{765123BE-6EBE-4F73-8E92-D0861E79FB6F}"
EndProject
Global
	GlobalSection(SolutionConfigurationPlatforms) = preSolution
		Debug|Any CPU = Debug|Any CPU
		Debug|x64 = Debug|x64
		Debug|x86 = Debug|x86
		Release|Any CPU = Release|Any CPU
		Release|x64 = Release|x64
		Release|x86 = Release|x86
	EndGlobalSection
	GlobalSection(ProjectConfigurationPlatforms) = postSolution
		{4AA65F69-3347-4542-B285-7C0CA3DB424D}.Debug|Any CPU.ActiveCfg = Debug|Win32
		{4AA65F69-3347-4542-B285-7C0CA3DB424D}.Debug|x64.ActiveCfg = Debug|x64
		{4AA65F69-3347-4542-B285-7C0CA3DB424D}.Debug|x64.Build.0 = Debug|x64
		{4AA65F69-3347-4542-B285-7C0CA3DB424D}.Debug|x86.ActiveCfg = Debug|Win32
		{4AA65F69-3347-4542-B285-7C0CA3DB424D}.Debug|x86.Build.0 = Debug|Win32
		{4AA65F69-3347-4542-B285-7C0CA3DB424D}.Release|Any CPU.ActiveCfg = Release|Win32
		{4AA65F69-3347-4542-B285-7C0CA3DB424D}.Release|x64.ActiveCfg = Release|x64
		{4AA65F69-3347-4542-B285-7C0CA3DB424D}.Release|x64.Build.0 = Release|x64
		{4AA65F69-3347-4542-B285-7C0CA3DB424D}.Release|x86.ActiveCfg = Release|Win32
		{4AA65F69-3347-4542-B285-7C0CA3DB424D}.Release|x86.Build.0 = Release|Win32
		{9C42D65F-2C1F-4AED-A889-7A7FE3A0AE3E}.Debug|Any CPU.ActiveCfg = Debug|Win32
		{9C42D65F-2C1F-4AED-A889-7A7FE3A0AE3E}.Debug|x64.ActiveCfg = Debug|x64
		{9C42D65F-2C1F-4AED-A889-7A7FE3A0AE3E}.Debug|x64.Build.0 = Debug|x64
		{9C42D65F-2C1F-4AED-A889-7A7FE3A0AE3E}.Debug|x86.ActiveCfg = Debug|Win32
		{9C42D65F-2C1F-4AED-A889-7A7FE3A0AE3E}.Debug|x86.Build.0 = Debug|Win32
		{9C42D65F-2C1F-4AED-A889-7A7FE3A0AE3E}.Release|Any CPU.ActiveCfg = Release|Win32
		{9C42D65F-2C1F-4AED-A889-7A7FE3A0AE3E}.Release|x64.ActiveCfg = Release|x64
		{9C42D65F-2C1F-4AED-A889-7A7FE3A0AE3E}.Release|x64.Build.0 = Release|x64
		{9C42D65F-2C1F-4AED-A889-7A7FE3A0AE3E}.Release|x86.ActiveCfg = Release|Win32
		{9C42D65F-2C1F-4AED-A889-7A7FE3A0AE3E}.Release|x86.Build.0 = Release|Win32
		{6BD2BF49-DD6D-4912-8EFB-7181198AB117}.Debug|Any CPU.ActiveCfg = Debug|Win32
		{6BD2BF49-DD6D-4912-8EFB-7181198AB117}.Debug|x64.ActiveCfg = Debug|x64
		{6BD2BF49-DD6D-4912-8EFB-7181198AB117}.Debug|x64.Build.0 = Debug|x64
		{6BD2BF49-DD6D-4912-8EFB-7181198AB117}.Debug|x86.ActiveCfg = Debug|Win32
		{6BD2BF49-DD6D-4912-8EFB-7181198AB117}.Debug|x86.Build.0 = Debug|Win32
		{6BD2BF49-DD6D-4912-8EFB-7181198AB117}.Release|Any CPU.ActiveCfg = Release|Win32
		{6BD2BF49-DD6D-4912-8EFB-7181198AB117}.Release|x64.ActiveCfg = Release|x64
		{6BD2BF49-DD6D-4912-8EFB-7181198AB117}.Release|x64.Build.0 = Release|x64
		{6BD2BF49-DD6D-4912-8EFB-7181198AB117}.Release|x86.ActiveCfg = Release|Win32
		{6BD2BF49-DD6D-4912-8EFB-7181198AB117}.Release|x86.Build.0 = Release|Win32
		{F9CB1F32-0C2A-423E-83E6-765B2D1BF8D1}.Debug|Any CPU.ActiveCfg = Debug|Any CPU
		{F9CB1F32-0C2A-423E-83E6-765B2D1BF8D1}.Debug|Any CPU.Build.0 = Debug|Any CPU
		{F9CB1F32-0C2A-423E-83E6-765B2D1BF8D1}.Debug|x64.ActiveCfg = Debug|Any CPU
		{F9CB1F32-0C2A-423E-83E6-765B2D1BF8D1}.Debug|x64.Build.0 = Debug|Any CPU
		{F9CB1F32-0C2A-423E-83E6-765B2D1BF8D1}.Debug|x86.ActiveCfg = Debug|Any CPU
		{F9CB1F32-0C2A-423E-83E6-765B2D1BF8D1}.Debug|x86.Build.0 = Debug|Any CPU
		{F9CB1F32-0C2A-423E-83E6-765B2D1BF8D1}.Release|Any CPU.ActiveCfg = Release|Any CPU
		{F9CB1F32-0C2A-423E-83E6-765B2D1BF8D1}.Release|Any CPU.Build.0 = Release|Any CPU
		{F9CB1F32-0C2A-423E-83E6-765B2D1BF8D1}.Release|x64.ActiveCfg = Release|Any CPU
		{F9CB1F32-0C2A-423E-83E6-765B2D1BF8D1}.Release|x64.Build.0 = Release|Any CPU
		{F9CB1F32-0C2A-423E-83E6-765B2D1BF8D1}.Release|x86.ActiveCfg = Release|Any CPU
		{F9CB1F32-0C2A-423E-83E6-765B2D1BF8D1}.Release|x86.Build.0 = Release|Any CPU
		{765123BE-6EBE-4F73-8E92-D0861E79FB6F}.Debug|Any CPU.ActiveCfg = Debug|Win32
		{765123BE-6EBE-4F73-8E92-D0861E79FB6F}.Debug|x64.ActiveCfg = Debug|x64
		{765123BE-6EBE-4F73-8E92-D0861E79FB6F}.Debug|x64.Build.0 = Debug|x64
		{765123BE-6EBE-4F73-8E92-D0861E79FB6F}.Debug|x86.ActiveCfg = Debug|Win32
		{765123BE-6EBE-4F73-8E92-D0861E79FB6F}.Debug|x86.Build.0 = Debug|Win32
		{765123BE-6EBE-4F73-8E92-D0861E79FB6F}.Release|Any CPU.ActiveCfg = Release|Win32
		{765123BE-6EBE-4F73-8E92-D0861E79FB6F}.Release|x64.ActiveCfg = Release|x64
		{765123BE-6EBE-4F73-8E92-D0861E79FB6F}.Release|x64.Build.0 = Release|x64
		{765123BE-6EBE-4F73-8E92-D0861E79FB6F}.Release|x86.ActiveCfg = Release|Win32
		{765123BE-6EBE-4F73-8E92-D0861E79FB6F}.Release|x86.Build.0 = Release|Win32
	EndGlobalSection
	GlobalSection(SolutionProperties) = preSolution
		HideSolutionNode = FALSE
	EndGlobalSection
	GlobalSection(ExtensibilityGlobals) = postSolution
		SolutionGuid = {FF195257-934A-43A3-A060-42100F0BD549}
	EndGlobalSection
EndGlobal
